
Microsoft Visual Studio Solution File, Format Version 12.00
# Visual Studio Version 17
VisualStudioVersion = 17.0.32014.148
MinimumVisualStudioVersion = 10.0.40219.1
Project("{9A19103F-16F7-4668-BE54-9A1E7A4F7556}") = "FundamentalCSharp", "MingguPertama\FundamentalCSharp\FundamentalCSharp.csproj", "{6E55F958-16C9-4191-A425-D9E24E94E60B}"
EndProject
Project("{FAE04EC0-301F-11D3-BF4B-00C04F79EFBC}") = "MemulaiDatabase", "MingguKedua\MemulaiDatabase\MemulaiDatabase.csproj", "{B6D02045-D3C2-479A-9B32-4DD798FE90C0}"
EndProject
Global
	GlobalSection(SolutionConfigurationPlatforms) = preSolution
		Debug|Any CPU = Debug|Any CPU
		Release|Any CPU = Release|Any CPU
	EndGlobalSection
	GlobalSection(ProjectConfigurationPlatforms) = postSolution
		{6E55F958-16C9-4191-A425-D9E24E94E60B}.Debug|Any CPU.ActiveCfg = Debug|Any CPU
		{6E55F958-16C9-4191-A425-D9E24E94E60B}.Debug|Any CPU.Build.0 = Debug|Any CPU
		{6E55F958-16C9-4191-A425-D9E24E94E60B}.Release|Any CPU.ActiveCfg = Release|Any CPU
		{6E55F958-16C9-4191-A425-D9E24E94E60B}.Release|Any CPU.Build.0 = Release|Any CPU
		{B6D02045-D3C2-479A-9B32-4DD798FE90C0}.Debug|Any CPU.ActiveCfg = Debug|Any CPU
		{B6D02045-D3C2-479A-9B32-4DD798FE90C0}.Debug|Any CPU.Build.0 = Debug|Any CPU
		{B6D02045-D3C2-479A-9B32-4DD798FE90C0}.Release|Any CPU.ActiveCfg = Release|Any CPU
		{B6D02045-D3C2-479A-9B32-4DD798FE90C0}.Release|Any CPU.Build.0 = Release|Any CPU
	EndGlobalSection
	GlobalSection(SolutionProperties) = preSolution
		HideSolutionNode = FALSE
	EndGlobalSection
	GlobalSection(ExtensibilityGlobals) = postSolution
		SolutionGuid = {0FC243A8-408A-4C37-B334-BE0FA12888D5}
	EndGlobalSection
EndGlobal
